
Microsoft Visual Studio Solution File, Format Version 12.00
# Visual Studio Version 17
VisualStudioVersion = 17.5.002.0
MinimumVisualStudioVersion = 10.0.40219.1
Project("{9A19103F-16F7-4668-BE54-9A1E7A4F7556}") = "API", "API\API.csproj", "{612FEBAE-C88D-4EB8-8A47-300152A26B62}"
EndProject
Global
	GlobalSection(SolutionConfigurationPlatforms) = preSolution
		Debug|Any CPU = Debug|Any CPU
		Release|Any CPU = Release|Any CPU
	EndGlobalSection
	GlobalSection(ProjectConfigurationPlatforms) = postSolution
		{612FEBAE-C88D-4EB8-8A47-300152A26B62}.Debug|Any CPU.ActiveCfg = Debug|Any CPU
		{612FEBAE-C88D-4EB8-8A47-300152A26B62}.Debug|Any CPU.Build.0 = Debug|Any CPU
		{612FEBAE-C88D-4EB8-8A47-300152A26B62}.Release|Any CPU.ActiveCfg = Release|Any CPU
		{612FEBAE-C88D-4EB8-8A47-300152A26B62}.Release|Any CPU.Build.0 = Release|Any CPU
	EndGlobalSection
	GlobalSection(SolutionProperties) = preSolution
		HideSolutionNode = FALSE
	EndGlobalSection
	GlobalSection(ExtensibilityGlobals) = postSolution
		SolutionGuid = {9DD76A56-16D1-42C4-9421-86D9C67FCAA6}
	EndGlobalSection
EndGlobal
